PODS:
  - AFNetworking (2.6.1):
    - AFNetworking/NSURLConnection (= 2.6.1)
    - AFNetworking/NSURLSession (= 2.6.1)
    - AFNetworking/Reachability (= 2.6.1)
    - AFNetworking/Security (= 2.6.1)
    - AFNetworking/Serialization (= 2.6.1)
    - AFNetworking/UIKit (= 2.6.1)
  - AFNetworking/NSURLConnection (2.6.1):
    - AFNetworking/Reachability
    - AFNetworking/Security
    - AFNetworking/Serialization
  - AFNetworking/NSURLSession (2.6.1):
    - AFNetworking/Reachability
    - AFNetworking/Security
    - AFNetworking/Serialization
  - AFNetworking/Reachability (2.6.1)
  - AFNetworking/Security (2.6.1)
  - AFNetworking/Serialization (2.6.1)
  - AFNetworking/UIKit (2.6.1):
    - AFNetworking/NSURLConnection
    - AFNetworking/NSURLSession
  - DateTools (1.4.3)
  - GoogleAnalytics (3.13.0)
  - HTProgressHUD (0.2.1)
  - UIAlertView+Blocks (0.8.1)

DEPENDENCIES:
  - AFNetworking (~> 2.6.1)
  - DateTools (~> 1.4.3)
  - GoogleAnalytics (~> 3.13)
  - HTProgressHUD (~> 0.2.1)
  - UIAlertView+Blocks (~> 0.8.1)

SPEC CHECKSUMS:
  AFNetworking: 8e4e60500beb8bec644cf575beee72990a76d399
  DateTools: c3d055af2c4d039c1791b5bffb1444ad1db32219
  GoogleAnalytics: fcf1f1cad57ae1a9a53520018f0f680ceeeb8b49
  HTProgressHUD: 14ecb00aa05e6ed75fdb8b859be5473d3f001175
  UIAlertView+Blocks: 45c3d3b7194906702d3e9a14c7ece5581505646d

COCOAPODS: 0.39.0
